
Microsoft Visual Studio Solution File, Format Version 12.00
# Visual Studio 14
VisualStudioVersion = 14.0.24720.0
MinimumVisualStudioVersion = 10.0.40219.1
Project("{FAE04EC0-301F-11D3-BF4B-00C04F79EFBC}") = "TarsiusWhite", "TarsiusWhite\TarsiusWhite.csproj", "{69DF0202-1B70-4A9E-819D-5F4BF1415072}"
EndProject
Project("{FAE04EC0-301F-11D3-BF4B-00C04F79EFBC}") = "ClasesTarsius", "ClasesTarsius\ClasesTarsius.csproj", "{8AEB2898-D0DB-4B85-B2DB-3D1CCA378426}"
EndProject
Global
	GlobalSection(SolutionConfigurationPlatforms) = preSolution
		Debug|Any CPU = Debug|Any CPU
		Release|Any CPU = Release|Any CPU
	EndGlobalSection
	GlobalSection(ProjectConfigurationPlatforms) = postSolution
		{69DF0202-1B70-4A9E-819D-5F4BF1415072}.Debug|Any CPU.ActiveCfg = Debug|Any CPU
		{69DF0202-1B70-4A9E-819D-5F4BF1415072}.Debug|Any CPU.Build.0 = Debug|Any CPU
		{69DF0202-1B70-4A9E-819D-5F4BF1415072}.Release|Any CPU.ActiveCfg = Release|Any CPU
		{69DF0202-1B70-4A9E-819D-5F4BF1415072}.Release|Any CPU.Build.0 = Release|Any CPU
		{8AEB2898-D0DB-4B85-B2DB-3D1CCA378426}.Debug|Any CPU.ActiveCfg = Debug|Any CPU
		{8AEB2898-D0DB-4B85-B2DB-3D1CCA378426}.Debug|Any CPU.Build.0 = Debug|Any CPU
		{8AEB2898-D0DB-4B85-B2DB-3D1CCA378426}.Release|Any CPU.ActiveCfg = Release|Any CPU
		{8AEB2898-D0DB-4B85-B2DB-3D1CCA378426}.Release|Any CPU.Build.0 = Release|Any CPU
	EndGlobalSection
	GlobalSection(SolutionProperties) = preSolution
		HideSolutionNode = FALSE
	EndGlobalSection
EndGlobal
